// !$*UTF8*$!
{
	archiveVersion = 1;
	classes = {
	};
	objectVersion = 48;
	objects = {

/* Begin PBXBuildFile section */
		1804AE581FE5921D0060C945 /* AppDelegate.swift in Sources */ = {isa = PBXBuildFile; fileRef = 1804AE571FE5921D0060C945 /* AppDelegate.swift */; };
		1804AE5D1FE5921D0060C945 /* Main.storyboard in Resources */ = {isa = PBXBuildFile; fileRef = 1804AE5B1FE5921D0060C945 /* Main.storyboard */; };
		1804AE5F1FE5921D0060C945 /* Assets.xcassets in Resources */ = {isa = PBXBuildFile; fileRef = 1804AE5E1FE5921D0060C945 /* Assets.xcassets */; };
		1804AE621FE5921D0060C945 /* LaunchScreen.storyboard in Resources */ = {isa = PBXBuildFile; fileRef = 1804AE601FE5921D0060C945 /* LaunchScreen.storyboard */; };
		1804AE6F1FE6A9550060C945 /* LoginViewController.swift in Sources */ = {isa = PBXBuildFile; fileRef = 1804AE6E1FE6A9550060C945 /* LoginViewController.swift */; };
		1804AE711FE6AB950060C945 /* StudentLocMapViewController.swift in Sources */ = {isa = PBXBuildFile; fileRef = 1804AE701FE6AB950060C945 /* StudentLocMapViewController.swift */; };
		1804AE731FE6AC5D0060C945 /* StudentTableViewController.swift in Sources */ = {isa = PBXBuildFile; fileRef = 1804AE721FE6AC5D0060C945 /* StudentTableViewController.swift */; };
		1804AE751FE6ACFC0060C945 /* StudentOverwriteLocViewController.swift in Sources */ = {isa = PBXBuildFile; fileRef = 1804AE741FE6ACFC0060C945 /* StudentOverwriteLocViewController.swift */; };
		1804AE771FE6AD220060C945 /* StudentOverwriteLocOnMapViewController.swift in Sources */ = {isa = PBXBuildFile; fileRef = 1804AE761FE6AD220060C945 /* StudentOverwriteLocOnMapViewController.swift */; };
		180D3F1720C3BFC500B9381E /* GCDBlackBox.swift in Sources */ = {isa = PBXBuildFile; fileRef = 180D3F1620C3BFC500B9381E /* GCDBlackBox.swift */; };
		180D3F1920C3C3EB00B9381E /* UdacityConveniance.swift in Sources */ = {isa = PBXBuildFile; fileRef = 180D3F1820C3C3EB00B9381E /* UdacityConveniance.swift */; };
		180D3F1B20C5B47A00B9381E /* UdacityLogin.swift in Sources */ = {isa = PBXBuildFile; fileRef = 180D3F1A20C5B47A00B9381E /* UdacityLogin.swift */; };
		180D3F1D20C97BF600B9381E /* UdacityUser.swift in Sources */ = {isa = PBXBuildFile; fileRef = 180D3F1C20C97BF600B9381E /* UdacityUser.swift */; };
		180D3F1F20CAF03700B9381E /* ParseConstants.swift in Sources */ = {isa = PBXBuildFile; fileRef = 180D3F1E20CAF03700B9381E /* ParseConstants.swift */; };
		180D3F2120CAF09500B9381E /* ParseClient.swift in Sources */ = {isa = PBXBuildFile; fileRef = 180D3F2020CAF09500B9381E /* ParseClient.swift */; };
		180D3F2320CAF0C400B9381E /* ParseConveniance.swift in Sources */ = {isa = PBXBuildFile; fileRef = 180D3F2220CAF0C400B9381E /* ParseConveniance.swift */; };
		180D3F2520CAF2C400B9381E /* Student.swift in Sources */ = {isa = PBXBuildFile; fileRef = 180D3F2420CAF2C400B9381E /* Student.swift */; };
		180D3F2820CF5B5600B9381E /* MapKit.framework in Frameworks */ = {isa = PBXBuildFile; fileRef = 180D3F2720CF5B5600B9381E /* MapKit.framework */; };
		180D3F2B20D2705B00B9381E /* GeocodingManager.swift in Sources */ = {isa = PBXBuildFile; fileRef = 180D3F2A20D2705B00B9381E /* GeocodingManager.swift */; };
		180D3F2D20D2709E00B9381E /* Geocoding.swift in Sources */ = {isa = PBXBuildFile; fileRef = 180D3F2C20D2709E00B9381E /* Geocoding.swift */; };
		180D3F2F20D5683D00B9381E /* UIViewController.swift in Sources */ = {isa = PBXBuildFile; fileRef = 180D3F2E20D5683D00B9381E /* UIViewController.swift */; };
		18B989C420D7BC6B00854BB7 /* StudentInformation.swift in Sources */ = {isa = PBXBuildFile; fileRef = 18B989C320D7BC6B00854BB7 /* StudentInformation.swift */; };
		18C1A0F61FF16F290050B2BF /* UdacityClient.swift in Sources */ = {isa = PBXBuildFile; fileRef = 18C1A0F51FF16F290050B2BF /* UdacityClient.swift */; };
		18C1A0F81FF16F4A0050B2BF /* UdacityConfig.swift in Sources */ = {isa = PBXBuildFile; fileRef = 18C1A0F71FF16F4A0050B2BF /* UdacityConfig.swift */; };
		18C1A0FA1FFA0B0C0050B2BF /* UdacityConstants.swift in Sources */ = {isa = PBXBuildFile; fileRef = 18C1A0F91FFA0B0C0050B2BF /* UdacityConstants.swift */; };
/* End PBXBuildFile section */

/* Begin PBXFileReference section */
		1804AE541FE5921D0060C945 /* OntheMap.app */ = {isa = PBXFileReference; explicitFileType = wrapper.application; includeInIndex = 0; path = OntheMap.app; sourceTree = BUILT_PRODUCTS_DIR; };
		1804AE571FE5921D0060C945 /* AppDelegate.swift */ = {isa = PBXFileReference; lastKnownFileType = sourcecode.swift; path = AppDelegate.swift; sourceTree = "<group>"; };
		1804AE5C1FE5921D0060C945 /* Base */ = {isa = PBXFileReference; lastKnownFileType = file.storyboard; name = Base; path = Base.lproj/Main.storyboard; sourceTree = "<group>"; };
		1804AE5E1FE5921D0060C945 /* Assets.xcassets */ = {isa = PBXFileReference; lastKnownFileType = folder.assetcatalog; path = Assets.xcassets; sourceTree = "<group>"; };
		1804AE611FE5921D0060C945 /* Base */ = {isa = PBXFileReference; lastKnownFileType = file.storyboard; name = Base; path = Base.lproj/LaunchScreen.storyboard; sourceTree = "<group>"; };
		1804AE631FE5921D0060C945 /* Info.plist */ = {isa = PBXFileReference; lastKnownFileType = text.plist.xml; path = Info.plist; sourceTree = "<group>"; };
		1804AE6E1FE6A9550060C945 /* LoginViewController.swift */ = {isa = PBXFileReference; lastKnownFileType = sourcecode.swift; path = LoginViewController.swift; sourceTree = "<group>"; };
		1804AE701FE6AB950060C945 /* StudentLocMapViewController.swift */ = {isa = PBXFileReference; lastKnownFileType = sourcecode.swift; path = StudentLocMapViewController.swift; sourceTree = "<group>"; };
		1804AE721FE6AC5D0060C945 /* StudentTableViewController.swift */ = {isa = PBXFileReference; lastKnownFileType = sourcecode.swift; path = StudentTableViewController.swift; sourceTree = "<group>"; };
		1804AE741FE6ACFC0060C945 /* StudentOverwriteLocViewController.swift */ = {isa = PBXFileReference; lastKnownFileType = sourcecode.swift; path = StudentOverwriteLocViewController.swift; sourceTree = "<group>"; };
		1804AE761FE6AD220060C945 /* StudentOverwriteLocOnMapViewController.swift */ = {isa = PBXFileReference; lastKnownFileType = sourcecode.swift; path = StudentOverwriteLocOnMapViewController.swift; sourceTree = "<group>"; };
		180D3F1620C3BFC500B9381E /* GCDBlackBox.swift */ = {isa = PBXFileReference; lastKnownFileType = sourcecode.swift; path = GCDBlackBox.swift; sourceTree = "<group>"; };
		180D3F1820C3C3EB00B9381E /* UdacityConveniance.swift */ = {isa = PBXFileReference; lastKnownFileType = sourcecode.swift; path = UdacityConveniance.swift; sourceTree = "<group>"; };
		180D3F1A20C5B47A00B9381E /* UdacityLogin.swift */ = {isa = PBXFileReference; lastKnownFileType = sourcecode.swift; path = UdacityLogin.swift; sourceTree = "<group>"; };
		180D3F1C20C97BF600B9381E /* UdacityUser.swift */ = {isa = PBXFileReference; lastKnownFileType = sourcecode.swift; path = UdacityUser.swift; sourceTree = "<group>"; };
		180D3F1E20CAF03700B9381E /* ParseConstants.swift */ = {isa = PBXFileReference; lastKnownFileType = sourcecode.swift; path = ParseConstants.swift; sourceTree = "<group>"; };
		180D3F2020CAF09500B9381E /* ParseClient.swift */ = {isa = PBXFileReference; lastKnownFileType = sourcecode.swift; path = ParseClient.swift; sourceTree = "<group>"; };
		180D3F2220CAF0C400B9381E /* ParseConveniance.swift */ = {isa = PBXFileReference; lastKnownFileType = sourcecode.swift; path = ParseConveniance.swift; sourceTree = "<group>"; };
		180D3F2420CAF2C400B9381E /* Student.swift */ = {isa = PBXFileReference; lastKnownFileType = sourcecode.swift; path = Student.swift; sourceTree = "<group>"; };
		180D3F2720CF5B5600B9381E /* MapKit.framework */ = {isa = PBXFileReference; lastKnownFileType = wrapper.framework; name = MapKit.framework; path = System/Library/Frameworks/MapKit.framework; sourceTree = SDKROOT; };
		180D3F2A20D2705B00B9381E /* GeocodingManager.swift */ = {isa = PBXFileReference; lastKnownFileType = sourcecode.swift; path = GeocodingManager.swift; sourceTree = "<group>"; };
		180D3F2C20D2709E00B9381E /* Geocoding.swift */ = {isa = PBXFileReference; lastKnownFileType = sourcecode.swift; path = Geocoding.swift; sourceTree = "<group>"; };
		180D3F2E20D5683D00B9381E /* UIViewController.swift */ = {isa = PBXFileReference; lastKnownFileType = sourcecode.swift; path = UIViewController.swift; sourceTree = "<group>"; };
		18B989C320D7BC6B00854BB7 /* StudentInformation.swift */ = {isa = PBXFileReference; lastKnownFileType = sourcecode.swift; path = StudentInformation.swift; sourceTree = "<group>"; };
		18C1A0F51FF16F290050B2BF /* UdacityClient.swift */ = {isa = PBXFileReference; lastKnownFileType = sourcecode.swift; path = UdacityClient.swift; sourceTree = "<group>"; };
		18C1A0F71FF16F4A0050B2BF /* UdacityConfig.swift */ = {isa = PBXFileReference; lastKnownFileType = sourcecode.swift; path = UdacityConfig.swift; sourceTree = "<group>"; };
		18C1A0F91FFA0B0C0050B2BF /* UdacityConstants.swift */ = {isa = PBXFileReference; lastKnownFileType = sourcecode.swift; path = UdacityConstants.swift; sourceTree = "<group>"; };
/* End PBXFileReference section */

/* Begin PBXFrameworksBuildPhase section */
		1804AE511FE5921D0060C945 /* Frameworks */ = {
			isa = PBXFrameworksBuildPhase;
			buildActionMask = 2147483647;
			files = (
				180D3F2820CF5B5600B9381E /* MapKit.framework in Frameworks */,
			);
			runOnlyForDeploymentPostprocessing = 0;
		};
/* End PBXFrameworksBuildPhase section */

/* Begin PBXGroup section */
		1804AE4B1FE5921D0060C945 = {
			isa = PBXGroup;
			children = (
				1804AE561FE5921D0060C945 /* OntheMap */,
				1804AE551FE5921D0060C945 /* Products */,
				180D3F2620CF5B5600B9381E /* Frameworks */,
			);
			sourceTree = "<group>";
		};
		1804AE551FE5921D0060C945 /* Products */ = {
			isa = PBXGroup;
			children = (
				1804AE541FE5921D0060C945 /* OntheMap.app */,
			);
			name = Products;
			sourceTree = "<group>";
		};
		1804AE561FE5921D0060C945 /* OntheMap */ = {
			isa = PBXGroup;
			children = (
				1804AE571FE5921D0060C945 /* AppDelegate.swift */,
				180D3F1620C3BFC500B9381E /* GCDBlackBox.swift */,
				180D3F2E20D5683D00B9381E /* UIViewController.swift */,
				1804AE691FE594490060C945 /* Model */,
				1804AE6A1FE594530060C945 /* View */,
				1804AE6B1FE5945B0060C945 /* Controller */,
				1804AE6C1FE594A70060C945 /* Assets */,
				1804AE6D1FE594E30060C945 /* Supporting Files */,
			);
			path = OntheMap;
			sourceTree = "<group>";
		};
		1804AE691FE594490060C945 /* Model */ = {
			isa = PBXGroup;
			children = (
				18C1A0F21FE828010050B2BF /* Clients */,
			);
			path = Model;
			sourceTree = "<group>";
		};
		1804AE6A1FE594530060C945 /* View */ = {
			isa = PBXGroup;
			children = (
			);
			path = View;
			sourceTree = "<group>";
		};
		1804AE6B1FE5945B0060C945 /* Controller */ = {
			isa = PBXGroup;
			children = (
				1804AE6E1FE6A9550060C945 /* LoginViewController.swift */,
				1804AE701FE6AB950060C945 /* StudentLocMapViewController.swift */,
				1804AE721FE6AC5D0060C945 /* StudentTableViewController.swift */,
				1804AE741FE6ACFC0060C945 /* StudentOverwriteLocViewController.swift */,
				1804AE761FE6AD220060C945 /* StudentOverwriteLocOnMapViewController.swift */,
			);
			path = Controller;
			sourceTree = "<group>";
		};
		1804AE6C1FE594A70060C945 /* Assets */ = {
			isa = PBXGroup;
			children = (
				1804AE5B1FE5921D0060C945 /* Main.storyboard */,
				1804AE601FE5921D0060C945 /* LaunchScreen.storyboard */,
				1804AE5E1FE5921D0060C945 /* Assets.xcassets */,
			);
			path = Assets;
			sourceTree = "<group>";
		};
		1804AE6D1FE594E30060C945 /* Supporting Files */ = {
			isa = PBXGroup;
			children = (
				1804AE631FE5921D0060C945 /* Info.plist */,
			);
			path = "Supporting Files";
			sourceTree = "<group>";
		};
		180D3F2620CF5B5600B9381E /* Frameworks */ = {
			isa = PBXGroup;
			children = (
				180D3F2720CF5B5600B9381E /* MapKit.framework */,
			);
			name = Frameworks;
			sourceTree = "<group>";
		};
		180D3F2920D2704300B9381E /* Geocoding */ = {
			isa = PBXGroup;
			children = (
				180D3F2A20D2705B00B9381E /* GeocodingManager.swift */,
				180D3F2C20D2709E00B9381E /* Geocoding.swift */,
			);
			path = Geocoding;
			sourceTree = "<group>";
		};
		18C1A0F21FE828010050B2BF /* Clients */ = {
			isa = PBXGroup;
			children = (
				180D3F2920D2704300B9381E /* Geocoding */,
				18C1A0F41FE8283C0050B2BF /* Parse */,
				18C1A0F31FE828140050B2BF /* Udacity */,
				18B989C320D7BC6B00854BB7 /* StudentInformation.swift */,
			);
			path = Clients;
			sourceTree = "<group>";
		};
		18C1A0F31FE828140050B2BF /* Udacity */ = {
			isa = PBXGroup;
			children = (
				180D3F1820C3C3EB00B9381E /* UdacityConveniance.swift */,
				18C1A0F51FF16F290050B2BF /* UdacityClient.swift */,
				18C1A0F91FFA0B0C0050B2BF /* UdacityConstants.swift */,
				18C1A0F71FF16F4A0050B2BF /* UdacityConfig.swift */,
				180D3F1A20C5B47A00B9381E /* UdacityLogin.swift */,
				180D3F1C20C97BF600B9381E /* UdacityUser.swift */,
			);
			path = Udacity;
			sourceTree = "<group>";
		};
		18C1A0F41FE8283C0050B2BF /* Parse */ = {
			isa = PBXGroup;
			children = (
				180D3F1E20CAF03700B9381E /* ParseConstants.swift */,
				180D3F2020CAF09500B9381E /* ParseClient.swift */,
				180D3F2220CAF0C400B9381E /* ParseConveniance.swift */,
				180D3F2420CAF2C400B9381E /* Student.swift */,
			);
			path = Parse;
			sourceTree = "<group>";
		};
/* End PBXGroup section */

/* Begin PBXNativeTarget section */
		1804AE531FE5921D0060C945 /* OntheMap */ = {
			isa = PBXNativeTarget;
			buildConfigurationList = 1804AE661FE5921D0060C945 /* Build configuration list for PBXNativeTarget "OntheMap" */;
			buildPhases = (
				1804AE501FE5921D0060C945 /* Sources */,
				1804AE511FE5921D0060C945 /* Frameworks */,
				1804AE521FE5921D0060C945 /* Resources */,
			);
			buildRules = (
			);
			dependencies = (
			);
			name = OntheMap;
			productName = OntheMap;
			productReference = 1804AE541FE5921D0060C945 /* OntheMap.app */;
			productType = "com.apple.product-type.application";
		};
/* End PBXNativeTarget section */

/* Begin PBXProject section */
		1804AE4C1FE5921D0060C945 /* Project object */ = {
			isa = PBXProject;
			attributes = {
				LastSwiftUpdateCheck = 0900;
				LastUpgradeCheck = 0900;
				ORGANIZATIONNAME = Apple;
				TargetAttributes = {
					1804AE531FE5921D0060C945 = {
						CreatedOnToolsVersion = 9.0;
						ProvisioningStyle = Automatic;
						SystemCapabilities = {
							com.apple.Maps.iOS = {
								enabled = 1;
							};
						};
					};
				};
			};
			buildConfigurationList = 1804AE4F1FE5921D0060C945 /* Build configuration list for PBXProject "OntheMap" */;
			compatibilityVersion = "Xcode 8.0";
			developmentRegion = en;
			hasScannedForEncodings = 0;
			knownRegions = (
				en,
				Base,
			);
			mainGroup = 1804AE4B1FE5921D0060C945;
			productRefGroup = 1804AE551FE5921D0060C945 /* Products */;
			projectDirPath = "";
			projectRoot = "";
			targets = (
				1804AE531FE5921D0060C945 /* OntheMap */,
			);
		};
/* End PBXProject section */

/* Begin PBXResourcesBuildPhase section */
		1804AE521FE5921D0060C945 /* Resources */ = {
			isa = PBXResourcesBuildPhase;
			buildActionMask = 2147483647;
			files = (
				1804AE621FE5921D0060C945 /* LaunchScreen.storyboard in Resources */,
				1804AE5F1FE5921D0060C945 /* Assets.xcassets in Resources */,
				1804AE5D1FE5921D0060C945 /* Main.storyboard in Resources */,
			);
			runOnlyForDeploymentPostprocessing = 0;
		};
/* End PBXResourcesBuildPhase section */

/* Begin PBXSourcesBuildPhase section */
		1804AE501FE5921D0060C945 /* Sources */ = {
			isa = PBXSourcesBuildPhase;
			buildActionMask = 2147483647;
			files = (
				18B989C420D7BC6B00854BB7 /* StudentInformation.swift in Sources */,
				18C1A0F61FF16F290050B2BF /* UdacityClient.swift in Sources */,
				18C1A0FA1FFA0B0C0050B2BF /* UdacityConstants.swift in Sources */,
				1804AE6F1FE6A9550060C945 /* LoginViewController.swift in Sources */,
				18C1A0F81FF16F4A0050B2BF /* UdacityConfig.swift in Sources */,
				180D3F1720C3BFC500B9381E /* GCDBlackBox.swift in Sources */,
				180D3F2D20D2709E00B9381E /* Geocoding.swift in Sources */,
				1804AE751FE6ACFC0060C945 /* StudentOverwriteLocViewController.swift in Sources */,
				180D3F2120CAF09500B9381E /* ParseClient.swift in Sources */,
				180D3F1B20C5B47A00B9381E /* UdacityLogin.swift in Sources */,
				1804AE771FE6AD220060C945 /* StudentOverwriteLocOnMapViewController.swift in Sources */,
				180D3F1F20CAF03700B9381E /* ParseConstants.swift in Sources */,
				180D3F1D20C97BF600B9381E /* UdacityUser.swift in Sources */,
				180D3F2320CAF0C400B9381E /* ParseConveniance.swift in Sources */,
				180D3F2F20D5683D00B9381E /* UIViewController.swift in Sources */,
				180D3F2520CAF2C400B9381E /* Student.swift in Sources */,
				1804AE711FE6AB950060C945 /* StudentLocMapViewController.swift in Sources */,
				1804AE731FE6AC5D0060C945 /* StudentTableViewController.swift in Sources */,
				1804AE581FE5921D0060C945 /* AppDelegate.swift in Sources */,
				180D3F2B20D2705B00B9381E /* GeocodingManager.swift in Sources */,
				180D3F1920C3C3EB00B9381E /* UdacityConveniance.swift in Sources */,
			);
			runOnlyForDeploymentPostprocessing = 0;
		};
/* End PBXSourcesBuildPhase section */

/* Begin PBXVariantGroup section */
		1804AE5B1FE5921D0060C945 /* Main.storyboard */ = {
			isa = PBXVariantGroup;
			children = (
				1804AE5C1FE5921D0060C945 /* Base */,
			);
			name = Main.storyboard;
			sourceTree = "<group>";
		};
		1804AE601FE5921D0060C945 /* LaunchScreen.storyboard */ = {
			isa = PBXVariantGroup;
			children = (
				1804AE611FE5921D0060C945 /* Base */,
			);
			name = LaunchScreen.storyboard;
			sourceTree = "<group>";
		};
/* End PBXVariantGroup section */

/* Begin XCBuildConfiguration section */
		1804AE641FE5921D0060C945 /* Debug */ = {
			isa = XCBuildConfiguration;
			buildSettings = {
				ALWAYS_SEARCH_USER_PATHS = NO;
				CLANG_ANALYZER_NONNULL = YES;
				CLANG_ANALYZER_NUMBER_OBJECT_CONVERSION = YES_AGGRESSIVE;
				CLANG_CXX_LANGUAGE_STANDARD = "gnu++14";
				CLANG_CXX_LIBRARY = "libc++";
				CLANG_ENABLE_MODULES = YES;
				CLANG_ENABLE_OBJC_ARC = YES;
				CLANG_WARN_BLOCK_CAPTURE_AUTORELEASING = YES;
				CLANG_WARN_BOOL_CONVERSION = YES;
				CLANG_WARN_COMMA = YES;
				CLANG_WARN_CONSTANT_CONVERSION = YES;
				CLANG_WARN_DIRECT_OBJC_ISA_USAGE = YES_ERROR;
				CLANG_WARN_DOCUMENTATION_COMMENTS = YES;
				CLANG_WARN_EMPTY_BODY = YES;
				CLANG_WARN_ENUM_CONVERSION = YES;
				CLANG_WARN_INFINITE_RECURSION = YES;
				CLANG_WARN_INT_CONVERSION = YES;
				CLANG_WARN_NON_LITERAL_NULL_CONVERSION = YES;
				CLANG_WARN_OBJC_LITERAL_CONVERSION = YES;
				CLANG_WARN_OBJC_ROOT_CLASS = YES_ERROR;
				CLANG_WARN_RANGE_LOOP_ANALYSIS = YES;
				CLANG_WARN_STRICT_PROTOTYPES = YES;
				CLANG_WARN_SUSPICIOUS_MOVE = YES;
				CLANG_WARN_UNGUARDED_AVAILABILITY = YES_AGGRESSIVE;
				CLANG_WARN_UNREACHABLE_CODE = YES;
				CLANG_WARN__DUPLICATE_METHOD_MATCH = YES;
				CODE_SIGN_IDENTITY = "iPhone Developer";
				COPY_PHASE_STRIP = NO;
				DEBUG_INFORMATION_FORMAT = dwarf;
				ENABLE_STRICT_OBJC_MSGSEND = YES;
				ENABLE_TESTABILITY = YES;
				GCC_C_LANGUAGE_STANDARD = gnu11;
				GCC_DYNAMIC_NO_PIC = NO;
				GCC_NO_COMMON_BLOCKS = YES;
				GCC_OPTIMIZATION_LEVEL = 0;
				GCC_PREPROCESSOR_DEFINITIONS = (
					"DEBUG=1",
					"$(inherited)",
				);
				GCC_WARN_64_TO_32_BIT_CONVERSION = YES;
				GCC_WARN_ABOUT_RETURN_TYPE = YES_ERROR;
				GCC_WARN_UNDECLARED_SELECTOR = YES;
				GCC_WARN_UNINITIALIZED_AUTOS = YES_AGGRESSIVE;
				GCC_WARN_UNUSED_FUNCTION = YES;
				GCC_WARN_UNUSED_VARIABLE = YES;
				IPHONEOS_DEPLOYMENT_TARGET = 11.0;
				MTL_ENABLE_DEBUG_INFO = YES;
				ONLY_ACTIVE_ARCH = YES;
				SDKROOT = iphoneos;
				SWIFT_ACTIVE_COMPILATION_CONDITIONS = DEBUG;
				SWIFT_OPTIMIZATION_LEVEL = "-Onone";
			};
			name = Debug;
		};
		1804AE651FE5921D0060C945 /* Release */ = {
			isa = XCBuildConfiguration;
			buildSettings = {
				ALWAYS_SEARCH_USER_PATHS = NO;
				CLANG_ANALYZER_NONNULL = YES;
				CLANG_ANALYZER_NUMBER_OBJECT_CONVERSION = YES_AGGRESSIVE;
				CLANG_CXX_LANGUAGE_STANDARD = "gnu++14";
				CLANG_CXX_LIBRARY = "libc++";
				CLANG_ENABLE_MODULES = YES;
				CLANG_ENABLE_OBJC_ARC = YES;
				CLANG_WARN_BLOCK_CAPTURE_AUTORELEASING = YES;
				CLANG_WARN_BOOL_CONVERSION = YES;
				CLANG_WARN_COMMA = YES;
				CLANG_WARN_CONSTANT_CONVERSION = YES;
				CLANG_WARN_DIRECT_OBJC_ISA_USAGE = YES_ERROR;
				CLANG_WARN_DOCUMENTATION_COMMENTS = YES;
				CLANG_WARN_EMPTY_BODY = YES;
				CLANG_WARN_ENUM_CONVERSION = YES;
				CLANG_WARN_INFINITE_RECURSION = YES;
				CLANG_WARN_INT_CONVERSION = YES;
				CLANG_WARN_NON_LITERAL_NULL_CONVERSION = YES;
				CLANG_WARN_OBJC_LITERAL_CONVERSION = YES;
				CLANG_WARN_OBJC_ROOT_CLASS = YES_ERROR;
				CLANG_WARN_RANGE_LOOP_ANALYSIS = YES;
				CLANG_WARN_STRICT_PROTOTYPES = YES;
				CLANG_WARN_SUSPICIOUS_MOVE = YES;
				CLANG_WARN_UNGUARDED_AVAILABILITY = YES_AGGRESSIVE;
				CLANG_WARN_UNREACHABLE_CODE = YES;
				CLANG_WARN__DUPLICATE_METHOD_MATCH = YES;
				CODE_SIGN_IDENTITY = "iPhone Developer";
				COPY_PHASE_STRIP = NO;
				DEBUG_INFORMATION_FORMAT = "dwarf-with-dsym";
				ENABLE_NS_ASSERTIONS = NO;
				ENABLE_STRICT_OBJC_MSGSEND = YES;
				GCC_C_LANGUAGE_STANDARD = gnu11;
				GCC_NO_COMMON_BLOCKS = YES;
				GCC_WARN_64_TO_32_BIT_CONVERSION = YES;
				GCC_WARN_ABOUT_RETURN_TYPE = YES_ERROR;
				GCC_WARN_UNDECLARED_SELECTOR = YES;
				GCC_WARN_UNINITIALIZED_AUTOS = YES_AGGRESSIVE;
				GCC_WARN_UNUSED_FUNCTION = YES;
				GCC_WARN_UNUSED_VARIABLE = YES;
				IPHONEOS_DEPLOYMENT_TARGET = 11.0;
				MTL_ENABLE_DEBUG_INFO = NO;
				SDKROOT = iphoneos;
				SWIFT_OPTIMIZATION_LEVEL = "-Owholemodule";
				VALIDATE_PRODUCT = YES;
			};
			name = Release;
		};
		1804AE671FE5921D0060C945 /* Debug */ = {
			isa = XCBuildConfiguration;
			buildSettings = {
				ASSETCATALOG_COMPILER_APPICON_NAME = AppIcon;
				CODE_SIGN_STYLE = Automatic;
				DEVELOPMENT_TEAM = T73Z83244E;
				INFOPLIST_FILE = "$(SRCROOT)/OntheMap/Supporting Files/Info.plist";
				LD_RUNPATH_SEARCH_PATHS = "$(inherited) @executable_path/Frameworks";
				PRODUCT_BUNDLE_IDENTIFIER = com.wt.OntheMap;
				PRODUCT_NAME = "$(TARGET_NAME)";
				SWIFT_VERSION = 4.0;
				TARGETED_DEVICE_FAMILY = "1,2";
			};
			name = Debug;
		};
		1804AE681FE5921D0060C945 /* Release */ = {
			isa = XCBuildConfiguration;
			buildSettings = {
				ASSETCATALOG_COMPILER_APPICON_NAME = AppIcon;
				CODE_SIGN_STYLE = Automatic;
				DEVELOPMENT_TEAM = T73Z83244E;
				INFOPLIST_FILE = "$(SRCROOT)/OntheMap/Supporting Files/Info.plist";
				LD_RUNPATH_SEARCH_PATHS = "$(inherited) @executable_path/Frameworks";
				PRODUCT_BUNDLE_IDENTIFIER = com.wt.OntheMap;
				PRODUCT_NAME = "$(TARGET_NAME)";
				SWIFT_VERSION = 4.0;
				TARGETED_DEVICE_FAMILY = "1,2";
			};
			name = Release;
		};
/* End XCBuildConfiguration section */

/* Begin XCConfigurationList section */
		1804AE4F1FE5921D0060C945 /* Build configuration list for PBXProject "OntheMap" */ = {
			isa = XCConfigurationList;
			buildConfigurations = (
				1804AE641FE5921D0060C945 /* Debug */,
				1804AE651FE5921D0060C945 /* Release */,
			);
			defaultConfigurationIsVisible = 0;
			defaultConfigurationName = Release;
		};
		1804AE661FE5921D0060C945 /* Build configuration list for PBXNativeTarget "OntheMap" */ = {
			isa = XCConfigurationList;
			buildConfigurations = (
				1804AE671FE5921D0060C945 /* Debug */,
				1804AE681FE5921D0060C945 /* Release */,
			);
			defaultConfigurationIsVisible = 0;
			defaultConfigurationName = Release;
		};
/* End XCConfigurationList section */
	};
	rootObject = 1804AE4C1FE5921D0060C945 /* Project object */;
}
